// !$*UTF8*$!
{
	archiveVersion = 1;
	classes = {
	};
	objectVersion = 48;
	objects = {

/* Begin PBXBuildFile section */
		299CBDC7204FFF7B00975675 /* AppDelegate.swift in Sources */ = {isa = PBXBuildFile; fileRef = 299CBDC6204FFF7B00975675 /* AppDelegate.swift */; };
		299CBDCC204FFF7B00975675 /* Main.storyboard in Resources */ = {isa = PBXBuildFile; fileRef = 299CBDCA204FFF7B00975675 /* Main.storyboard */; };
		299CBDCE204FFF7B00975675 /* Assets.xcassets in Resources */ = {isa = PBXBuildFile; fileRef = 299CBDCD204FFF7B00975675 /* Assets.xcassets */; };
		299CBDD1204FFF7B00975675 /* LaunchScreen.storyboard in Resources */ = {isa = PBXBuildFile; fileRef = 299CBDCF204FFF7B00975675 /* LaunchScreen.storyboard */; };
		299CBDDE205000B400975675 /* SigninViewController.swift in Sources */ = {isa = PBXBuildFile; fileRef = 299CBDDD205000B400975675 /* SigninViewController.swift */; };
		29F7211E2050142800816248 /* RegisterViewController.swift in Sources */ = {isa = PBXBuildFile; fileRef = 29F7211D2050142800816248 /* RegisterViewController.swift */; };
/* End PBXBuildFile section */

/* Begin PBXFileReference section */
		299CBDC3204FFF7B00975675 /* Selfizz.app */ = {isa = PBXFileReference; explicitFileType = wrapper.application; includeInIndex = 0; path = Selfizz.app; sourceTree = BUILT_PRODUCTS_DIR; };
		299CBDC6204FFF7B00975675 /* AppDelegate.swift */ = {isa = PBXFileReference; lastKnownFileType = sourcecode.swift; path = AppDelegate.swift; sourceTree = "<group>"; };
		299CBDCB204FFF7B00975675 /* Base */ = {isa = PBXFileReference; lastKnownFileType = file.storyboard; name = Base; path = Base.lproj/Main.storyboard; sourceTree = "<group>"; };
		299CBDCD204FFF7B00975675 /* Assets.xcassets */ = {isa = PBXFileReference; lastKnownFileType = folder.assetcatalog; path = Assets.xcassets; sourceTree = "<group>"; };
		299CBDD0204FFF7B00975675 /* Base */ = {isa = PBXFileReference; lastKnownFileType = file.storyboard; name = Base; path = Base.lproj/LaunchScreen.storyboard; sourceTree = "<group>"; };
		299CBDD2204FFF7B00975675 /* Info.plist */ = {isa = PBXFileReference; lastKnownFileType = text.plist.xml; path = Info.plist; sourceTree = "<group>"; };
		299CBDDD205000B400975675 /* SigninViewController.swift */ = {isa = PBXFileReference; lastKnownFileType = sourcecode.swift; path = SigninViewController.swift; sourceTree = "<group>"; };
		29F7211D2050142800816248 /* RegisterViewController.swift */ = {isa = PBXFileReference; lastKnownFileType = sourcecode.swift; path = RegisterViewController.swift; sourceTree = "<group>"; };
/* End PBXFileReference section */

/* Begin PBXFrameworksBuildPhase section */
		299CBDC0204FFF7B00975675 /* Frameworks */ = {
			isa = PBXFrameworksBuildPhase;
			buildActionMask = 2147483647;
			files = (
			);
			runOnlyForDeploymentPostprocessing = 0;
		};
/* End PBXFrameworksBuildPhase section */

/* Begin PBXGroup section */
		299CBDBA204FFF7B00975675 = {
			isa = PBXGroup;
			children = (
				299CBDC5204FFF7B00975675 /* Selfizz */,
				299CBDC4204FFF7B00975675 /* Products */,
			);
			sourceTree = "<group>";
		};
		299CBDC4204FFF7B00975675 /* Products */ = {
			isa = PBXGroup;
			children = (
				299CBDC3204FFF7B00975675 /* Selfizz.app */,
			);
			name = Products;
			sourceTree = "<group>";
		};
		299CBDC5204FFF7B00975675 /* Selfizz */ = {
			isa = PBXGroup;
			children = (
				299CBDC6204FFF7B00975675 /* AppDelegate.swift */,
				299CBDD8204FFFBB00975675 /* ViewControllers */,
				299CBDDB204FFFFF00975675 /* Controllers */,
				299CBDD9204FFFC700975675 /* CollectionViewCells */,
				299CBDDA204FFFDD00975675 /* CollectionViewDataSource */,
				299CBDDC2050000700975675 /* Utilities */,
				299CBDCA204FFF7B00975675 /* Main.storyboard */,
				299CBDCD204FFF7B00975675 /* Assets.xcassets */,
				299CBDCF204FFF7B00975675 /* LaunchScreen.storyboard */,
				299CBDD2204FFF7B00975675 /* Info.plist */,
			);
			path = Selfizz;
			sourceTree = "<group>";
		};
		299CBDD8204FFFBB00975675 /* ViewControllers */ = {
			isa = PBXGroup;
			children = (
				299CBDDD205000B400975675 /* SigninViewController.swift */,
				29F7211D2050142800816248 /* RegisterViewController.swift */,
			);
			path = ViewControllers;
			sourceTree = "<group>";
		};
		299CBDD9204FFFC700975675 /* CollectionViewCells */ = {
			isa = PBXGroup;
			children = (
			);
			path = CollectionViewCells;
			sourceTree = "<group>";
		};
		299CBDDA204FFFDD00975675 /* CollectionViewDataSource */ = {
			isa = PBXGroup;
			children = (
			);
			path = CollectionViewDataSource;
			sourceTree = "<group>";
		};
		299CBDDB204FFFFF00975675 /* Controllers */ = {
			isa = PBXGroup;
			children = (
			);
			path = Controllers;
			sourceTree = "<group>";
		};
		299CBDDC2050000700975675 /* Utilities */ = {
			isa = PBXGroup;
			children = (
			);
			path = Utilities;
			sourceTree = "<group>";
		};
/* End PBXGroup section */

/* Begin PBXNativeTarget section */
		299CBDC2204FFF7B00975675 /* Selfizz */ = {
			isa = PBXNativeTarget;
			buildConfigurationList = 299CBDD5204FFF7B00975675 /* Build configuration list for PBXNativeTarget "Selfizz" */;
			buildPhases = (
				299CBDBF204FFF7B00975675 /* Sources */,
				299CBDC0204FFF7B00975675 /* Frameworks */,
				299CBDC1204FFF7B00975675 /* Resources */,
			);
			buildRules = (
			);
			dependencies = (
			);
			name = Selfizz;
			productName = Selfizz;
			productReference = 299CBDC3204FFF7B00975675 /* Selfizz.app */;
			productType = "com.apple.product-type.application";
		};
/* End PBXNativeTarget section */

/* Begin PBXProject section */
		299CBDBB204FFF7B00975675 /* Project object */ = {
			isa = PBXProject;
			attributes = {
				LastSwiftUpdateCheck = 0900;
				LastUpgradeCheck = 0900;
				ORGANIZATIONNAME = AshokOrg;
				TargetAttributes = {
					299CBDC2204FFF7B00975675 = {
						CreatedOnToolsVersion = 9.0;
						ProvisioningStyle = Manual;
					};
				};
			};
			buildConfigurationList = 299CBDBE204FFF7B00975675 /* Build configuration list for PBXProject "Selfizz" */;
			compatibilityVersion = "Xcode 8.0";
			developmentRegion = en;
			hasScannedForEncodings = 0;
			knownRegions = (
				en,
				Base,
			);
			mainGroup = 299CBDBA204FFF7B00975675;
			productRefGroup = 299CBDC4204FFF7B00975675 /* Products */;
			projectDirPath = "";
			projectRoot = "";
			targets = (
				299CBDC2204FFF7B00975675 /* Selfizz */,
			);
		};
/* End PBXProject section */

/* Begin PBXResourcesBuildPhase section */
		299CBDC1204FFF7B00975675 /* Resources */ = {
			isa = PBXResourcesBuildPhase;
			buildActionMask = 2147483647;
			files = (
				299CBDD1204FFF7B00975675 /* LaunchScreen.storyboard in Resources */,
				299CBDCE204FFF7B00975675 /* Assets.xcassets in Resources */,
				299CBDCC204FFF7B00975675 /* Main.storyboard in Resources */,
			);
			runOnlyForDeploymentPostprocessing = 0;
		};
/* End PBXResourcesBuildPhase section */

/* Begin PBXSourcesBuildPhase section */
		299CBDBF204FFF7B00975675 /* Sources */ = {
			isa = PBXSourcesBuildPhase;
			buildActionMask = 2147483647;
			files = (
				29F7211E2050142800816248 /* RegisterViewController.swift in Sources */,
				299CBDDE205000B400975675 /* SigninViewController.swift in Sources */,
				299CBDC7204FFF7B00975675 /* AppDelegate.swift in Sources */,
			);
			runOnlyForDeploymentPostprocessing = 0;
		};
/* End PBXSourcesBuildPhase section */

/* Begin PBXVariantGroup section */
		299CBDCA204FFF7B00975675 /* Main.storyboard */ = {
			isa = PBXVariantGroup;
			children = (
				299CBDCB204FFF7B00975675 /* Base */,
			);
			name = Main.storyboard;
			sourceTree = "<group>";
		};
		299CBDCF204FFF7B00975675 /* LaunchScreen.storyboard */ = {
			isa = PBXVariantGroup;
			children = (
				299CBDD0204FFF7B00975675 /* Base */,
			);
			name = LaunchScreen.storyboard;
			sourceTree = "<group>";
		};
/* End PBXVariantGroup section */

/* Begin XCBuildConfiguration section */
		299CBDD3204FFF7B00975675 /* Debug */ = {
			isa = XCBuildConfiguration;
			buildSettings = {
				ALWAYS_SEARCH_USER_PATHS = NO;
				CLANG_ANALYZER_NONNULL = YES;
				CLANG_ANALYZER_NUMBER_OBJECT_CONVERSION = YES_AGGRESSIVE;
				CLANG_CXX_LANGUAGE_STANDARD = "gnu++14";
				CLANG_CXX_LIBRARY = "libc++";
				CLANG_ENABLE_MODULES = YES;
				CLANG_ENABLE_OBJC_ARC = YES;
				CLANG_WARN_BLOCK_CAPTURE_AUTORELEASING = YES;
				CLANG_WARN_BOOL_CONVERSION = YES;
				CLANG_WARN_COMMA = YES;
				CLANG_WARN_CONSTANT_CONVERSION = YES;
				CLANG_WARN_DIRECT_OBJC_ISA_USAGE = YES_ERROR;
				CLANG_WARN_DOCUMENTATION_COMMENTS = YES;
				CLANG_WARN_EMPTY_BODY = YES;
				CLANG_WARN_ENUM_CONVERSION = YES;
				CLANG_WARN_INFINITE_RECURSION = YES;
				CLANG_WARN_INT_CONVERSION = YES;
				CLANG_WARN_NON_LITERAL_NULL_CONVERSION = YES;
				CLANG_WARN_OBJC_LITERAL_CONVERSION = YES;
				CLANG_WARN_OBJC_ROOT_CLASS = YES_ERROR;
				CLANG_WARN_RANGE_LOOP_ANALYSIS = YES;
				CLANG_WARN_STRICT_PROTOTYPES = YES;
				CLANG_WARN_SUSPICIOUS_MOVE = YES;
				CLANG_WARN_UNGUARDED_AVAILABILITY = YES_AGGRESSIVE;
				CLANG_WARN_UNREACHABLE_CODE = YES;
				CLANG_WARN__DUPLICATE_METHOD_MATCH = YES;
				CODE_SIGN_IDENTITY = "iPhone Developer";
				COPY_PHASE_STRIP = NO;
				DEBUG_INFORMATION_FORMAT = dwarf;
				ENABLE_STRICT_OBJC_MSGSEND = YES;
				ENABLE_TESTABILITY = YES;
				GCC_C_LANGUAGE_STANDARD = gnu11;
				GCC_DYNAMIC_NO_PIC = NO;
				GCC_NO_COMMON_BLOCKS = YES;
				GCC_OPTIMIZATION_LEVEL = 0;
				GCC_PREPROCESSOR_DEFINITIONS = (
					"DEBUG=1",
					"$(inherited)",
				);
				GCC_WARN_64_TO_32_BIT_CONVERSION = YES;
				GCC_WARN_ABOUT_RETURN_TYPE = YES_ERROR;
				GCC_WARN_UNDECLARED_SELECTOR = YES;
				GCC_WARN_UNINITIALIZED_AUTOS = YES_AGGRESSIVE;
				GCC_WARN_UNUSED_FUNCTION = YES;
				GCC_WARN_UNUSED_VARIABLE = YES;
				IPHONEOS_DEPLOYMENT_TARGET = 11.0;
				MTL_ENABLE_DEBUG_INFO = YES;
				ONLY_ACTIVE_ARCH = YES;
				SDKROOT = iphoneos;
				SWIFT_ACTIVE_COMPILATION_CONDITIONS = DEBUG;
				SWIFT_OPTIMIZATION_LEVEL = "-Onone";
			};
			name = Debug;
		};
		299CBDD4204FFF7B00975675 /* Release */ = {
			isa = XCBuildConfiguration;
			buildSettings = {
				ALWAYS_SEARCH_USER_PATHS = NO;
				CLANG_ANALYZER_NONNULL = YES;
				CLANG_ANALYZER_NUMBER_OBJECT_CONVERSION = YES_AGGRESSIVE;
				CLANG_CXX_LANGUAGE_STANDARD = "gnu++14";
				CLANG_CXX_LIBRARY = "libc++";
				CLANG_ENABLE_MODULES = YES;
				CLANG_ENABLE_OBJC_ARC = YES;
				CLANG_WARN_BLOCK_CAPTURE_AUTORELEASING = YES;
				CLANG_WARN_BOOL_CONVERSION = YES;
				CLANG_WARN_COMMA = YES;
				CLANG_WARN_CONSTANT_CONVERSION = YES;
				CLANG_WARN_DIRECT_OBJC_ISA_USAGE = YES_ERROR;
				CLANG_WARN_DOCUMENTATION_COMMENTS = YES;
				CLANG_WARN_EMPTY_BODY = YES;
				CLANG_WARN_ENUM_CONVERSION = YES;
				CLANG_WARN_INFINITE_RECURSION = YES;
				CLANG_WARN_INT_CONVERSION = YES;
				CLANG_WARN_NON_LITERAL_NULL_CONVERSION = YES;
				CLANG_WARN_OBJC_LITERAL_CONVERSION = YES;
				CLANG_WARN_OBJC_ROOT_CLASS = YES_ERROR;
				CLANG_WARN_RANGE_LOOP_ANALYSIS = YES;
				CLANG_WARN_STRICT_PROTOTYPES = YES;
				CLANG_WARN_SUSPICIOUS_MOVE = YES;
				CLANG_WARN_UNGUARDED_AVAILABILITY = YES_AGGRESSIVE;
				CLANG_WARN_UNREACHABLE_CODE = YES;
				CLANG_WARN__DUPLICATE_METHOD_MATCH = YES;
				CODE_SIGN_IDENTITY = "iPhone Developer";
				COPY_PHASE_STRIP = NO;
				DEBUG_INFORMATION_FORMAT = "dwarf-with-dsym";
				ENABLE_NS_ASSERTIONS = NO;
				ENABLE_STRICT_OBJC_MSGSEND = YES;
				GCC_C_LANGUAGE_STANDARD = gnu11;
				GCC_NO_COMMON_BLOCKS = YES;
				GCC_WARN_64_TO_32_BIT_CONVERSION = YES;
				GCC_WARN_ABOUT_RETURN_TYPE = YES_ERROR;
				GCC_WARN_UNDECLARED_SELECTOR = YES;
				GCC_WARN_UNINITIALIZED_AUTOS = YES_AGGRESSIVE;
				GCC_WARN_UNUSED_FUNCTION = YES;
				GCC_WARN_UNUSED_VARIABLE = YES;
				IPHONEOS_DEPLOYMENT_TARGET = 11.0;
				MTL_ENABLE_DEBUG_INFO = NO;
				SDKROOT = iphoneos;
				SWIFT_OPTIMIZATION_LEVEL = "-Owholemodule";
				VALIDATE_PRODUCT = YES;
			};
			name = Release;
		};
		299CBDD6204FFF7B00975675 /* Debug */ = {
			isa = XCBuildConfiguration;
			buildSettings = {
				ASSETCATALOG_COMPILER_APPICON_NAME = AppIcon;
				CODE_SIGN_STYLE = Manual;
				DEVELOPMENT_TEAM = 8739AQZ43Q;
				INFOPLIST_FILE = Selfizz/Info.plist;
				LD_RUNPATH_SEARCH_PATHS = "$(inherited) @executable_path/Frameworks";
				PRODUCT_BUNDLE_IDENTIFIER = com.ashokorg.Selfizz;
				PRODUCT_NAME = "$(TARGET_NAME)";
				PROVISIONING_PROFILE = "9f4d5acd-840a-4ee6-b83e-c86c470fcfbf";
				PROVISIONING_PROFILE_SPECIFIER = AllAppDevProfile;
				SWIFT_VERSION = 4.0;
				TARGETED_DEVICE_FAMILY = "1,2";
			};
			name = Debug;
		};
		299CBDD7204FFF7B00975675 /* Release */ = {
			isa = XCBuildConfiguration;
			buildSettings = {
				ASSETCATALOG_COMPILER_APPICON_NAME = AppIcon;
				CODE_SIGN_STYLE = Manual;
				DEVELOPMENT_TEAM = 8739AQZ43Q;
				INFOPLIST_FILE = Selfizz/Info.plist;
				LD_RUNPATH_SEARCH_PATHS = "$(inherited) @executable_path/Frameworks";
				PRODUCT_BUNDLE_IDENTIFIER = com.ashokorg.Selfizz;
				PRODUCT_NAME = "$(TARGET_NAME)";
				PROVISIONING_PROFILE = "9f4d5acd-840a-4ee6-b83e-c86c470fcfbf";
				PROVISIONING_PROFILE_SPECIFIER = AllAppDevProfile;
				SWIFT_VERSION = 4.0;
				TARGETED_DEVICE_FAMILY = "1,2";
			};
			name = Release;
		};
		299CBDDF205005FB00975675 /* Jenkins */ = {
			isa = XCBuildConfiguration;
			buildSettings = {
				ALWAYS_SEARCH_USER_PATHS = NO;
				CLANG_ANALYZER_NONNULL = YES;
				CLANG_ANALYZER_NUMBER_OBJECT_CONVERSION = YES_AGGRESSIVE;
				CLANG_CXX_LANGUAGE_STANDARD = "gnu++14";
				CLANG_CXX_LIBRARY = "libc++";
				CLANG_ENABLE_MODULES = YES;
				CLANG_ENABLE_OBJC_ARC = YES;
				CLANG_WARN_BLOCK_CAPTURE_AUTORELEASING = YES;
				CLANG_WARN_BOOL_CONVERSION = YES;
				CLANG_WARN_COMMA = YES;
				CLANG_WARN_CONSTANT_CONVERSION = YES;
				CLANG_WARN_DIRECT_OBJC_ISA_USAGE = YES_ERROR;
				CLANG_WARN_DOCUMENTATION_COMMENTS = YES;
				CLANG_WARN_EMPTY_BODY = YES;
				CLANG_WARN_ENUM_CONVERSION = YES;
				CLANG_WARN_INFINITE_RECURSION = YES;
				CLANG_WARN_INT_CONVERSION = YES;
				CLANG_WARN_NON_LITERAL_NULL_CONVERSION = YES;
				CLANG_WARN_OBJC_LITERAL_CONVERSION = YES;
				CLANG_WARN_OBJC_ROOT_CLASS = YES_ERROR;
				CLANG_WARN_RANGE_LOOP_ANALYSIS = YES;
				CLANG_WARN_STRICT_PROTOTYPES = YES;
				CLANG_WARN_SUSPICIOUS_MOVE = YES;
				CLANG_WARN_UNGUARDED_AVAILABILITY = YES_AGGRESSIVE;
				CLANG_WARN_UNREACHABLE_CODE = YES;
				CLANG_WARN__DUPLICATE_METHOD_MATCH = YES;
				CODE_SIGN_IDENTITY = "iPhone Developer";
				COPY_PHASE_STRIP = NO;
				DEBUG_INFORMATION_FORMAT = dwarf;
				ENABLE_STRICT_OBJC_MSGSEND = YES;
				ENABLE_TESTABILITY = YES;
				GCC_C_LANGUAGE_STANDARD = gnu11;
				GCC_DYNAMIC_NO_PIC = NO;
				GCC_NO_COMMON_BLOCKS = YES;
				GCC_OPTIMIZATION_LEVEL = 0;
				GCC_PREPROCESSOR_DEFINITIONS = (
					"DEBUG=1",
					"$(inherited)",
				);
				GCC_WARN_64_TO_32_BIT_CONVERSION = YES;
				GCC_WARN_ABOUT_RETURN_TYPE = YES_ERROR;
				GCC_WARN_UNDECLARED_SELECTOR = YES;
				GCC_WARN_UNINITIALIZED_AUTOS = YES_AGGRESSIVE;
				GCC_WARN_UNUSED_FUNCTION = YES;
				GCC_WARN_UNUSED_VARIABLE = YES;
				IPHONEOS_DEPLOYMENT_TARGET = 11.0;
				MTL_ENABLE_DEBUG_INFO = YES;
				ONLY_ACTIVE_ARCH = YES;
				SDKROOT = iphoneos;
				SWIFT_ACTIVE_COMPILATION_CONDITIONS = DEBUG;
				SWIFT_OPTIMIZATION_LEVEL = "-Onone";
			};
			name = Jenkins;
		};
		299CBDE0205005FB00975675 /* Jenkins */ = {
			isa = XCBuildConfiguration;
			buildSettings = {
				ASSETCATALOG_COMPILER_APPICON_NAME = AppIcon;
				CODE_SIGN_STYLE = Manual;
				DEVELOPMENT_TEAM = 8739AQZ43Q;
				INFOPLIST_FILE = Selfizz/Info.plist;
				LD_RUNPATH_SEARCH_PATHS = "$(inherited) @executable_path/Frameworks";
				PRODUCT_BUNDLE_IDENTIFIER = com.ashokorg.Selfizz;
				PRODUCT_NAME = "$(TARGET_NAME)";
				PROVISIONING_PROFILE = "9f4d5acd-840a-4ee6-b83e-c86c470fcfbf";
				PROVISIONING_PROFILE_SPECIFIER = AllAppDevProfile;
				SWIFT_VERSION = 4.0;
				TARGETED_DEVICE_FAMILY = "1,2";
			};
			name = Jenkins;
		};
/* End XCBuildConfiguration section */

/* Begin XCConfigurationList section */
		299CBDBE204FFF7B00975675 /* Build configuration list for PBXProject "Selfizz" */ = {
			isa = XCConfigurationList;
			buildConfigurations = (
				299CBDD3204FFF7B00975675 /* Debug */,
				299CBDDF205005FB00975675 /* Jenkins */,
				299CBDD4204FFF7B00975675 /* Release */,
			);
			defaultConfigurationIsVisible = 0;
			defaultConfigurationName = Release;
		};
		299CBDD5204FFF7B00975675 /* Build configuration list for PBXNativeTarget "Selfizz" */ = {
			isa = XCConfigurationList;
			buildConfigurations = (
				299CBDD6204FFF7B00975675 /* Debug */,
				299CBDE0205005FB00975675 /* Jenkins */,
				299CBDD7204FFF7B00975675 /* Release */,
			);
			defaultConfigurationIsVisible = 0;
			defaultConfigurationName = Release;
		};
/* End XCConfigurationList section */
	};
	rootObject = 299CBDBB204FFF7B00975675 /* Project object */;
}
